// !$*UTF8*$!
{
	archiveVersion = 1;
	classes = {
	};
	objectVersion = 55;
	objects = {

/* Begin PBXBuildFile section */
		40F667A32A2FA1340037CCCD /* AppDelegate.swift in Sources */ = {isa = PBXBuildFile; fileRef = 40F667A22A2FA1340037CCCD /* AppDelegate.swift */; };
		40F667A52A2FA1340037CCCD /* SceneDelegate.swift in Sources */ = {isa = PBXBuildFile; fileRef = 40F667A42A2FA1340037CCCD /* SceneDelegate.swift */; };
		40F667AC2A2FA1350037CCCD /* Assets.xcassets in Resources */ = {isa = PBXBuildFile; fileRef = 40F667AB2A2FA1350037CCCD /* Assets.xcassets */; };
		40F667AF2A2FA1350037CCCD /* LaunchScreen.storyboard in Resources */ = {isa = PBXBuildFile; fileRef = 40F667AD2A2FA1350037CCCD /* LaunchScreen.storyboard */; };
		40F667F72A2FB03C0037CCCD /* Home.framework in Frameworks */ = {isa = PBXBuildFile; fileRef = 40F667F62A2FB03C0037CCCD /* Home.framework */; };
		E7EFF8981BA4191FDE80E653 /* Pods_JobsityChallenge.framework in Frameworks */ = {isa = PBXBuildFile; fileRef = 0D7F8F126ED5AC7008DE1C87 /* Pods_JobsityChallenge.framework */; };
/* End PBXBuildFile section */

/* Begin PBXFileReference section */
		0D7F8F126ED5AC7008DE1C87 /* Pods_JobsityChallenge.framework */ = {isa = PBXFileReference; explicitFileType = wrapper.framework; includeInIndex = 0; path = Pods_JobsityChallenge.framework; sourceTree = BUILT_PRODUCTS_DIR; };
		2C21730746D1E208DEE290F9 /* Pods-JobsityChallenge.release.xcconfig */ = {isa = PBXFileReference; includeInIndex = 1; lastKnownFileType = text.xcconfig; name = "Pods-JobsityChallenge.release.xcconfig"; path = "Target Support Files/Pods-JobsityChallenge/Pods-JobsityChallenge.release.xcconfig"; sourceTree = "<group>"; };
		40F6679F2A2FA1340037CCCD /* JobsityChallenge.app */ = {isa = PBXFileReference; explicitFileType = wrapper.application; includeInIndex = 0; path = JobsityChallenge.app; sourceTree = BUILT_PRODUCTS_DIR; };
		40F667A22A2FA1340037CCCD /* AppDelegate.swift */ = {isa = PBXFileReference; lastKnownFileType = sourcecode.swift; path = AppDelegate.swift; sourceTree = "<group>"; };
		40F667A42A2FA1340037CCCD /* SceneDelegate.swift */ = {isa = PBXFileReference; lastKnownFileType = sourcecode.swift; path = SceneDelegate.swift; sourceTree = "<group>"; };
		40F667AB2A2FA1350037CCCD /* Assets.xcassets */ = {isa = PBXFileReference; lastKnownFileType = folder.assetcatalog; path = Assets.xcassets; sourceTree = "<group>"; };
		40F667AE2A2FA1350037CCCD /* Base */ = {isa = PBXFileReference; lastKnownFileType = file.storyboard; name = Base; path = Base.lproj/LaunchScreen.storyboard; sourceTree = "<group>"; };
		40F667B02A2FA1350037CCCD /* Info.plist */ = {isa = PBXFileReference; lastKnownFileType = text.plist.xml; path = Info.plist; sourceTree = "<group>"; };
		40F667F62A2FB03C0037CCCD /* Home.framework */ = {isa = PBXFileReference; explicitFileType = wrapper.framework; path = Home.framework; sourceTree = BUILT_PRODUCTS_DIR; };
		6FF6D122BB6E1925DEBBC10D /* Pods-JobsityChallenge.debug.xcconfig */ = {isa = PBXFileReference; includeInIndex = 1; lastKnownFileType = text.xcconfig; name = "Pods-JobsityChallenge.debug.xcconfig"; path = "Target Support Files/Pods-JobsityChallenge/Pods-JobsityChallenge.debug.xcconfig"; sourceTree = "<group>"; };
/* End PBXFileReference section */

/* Begin PBXFrameworksBuildPhase section */
		40F6679C2A2FA1340037CCCD /* Frameworks */ = {
			isa = PBXFrameworksBuildPhase;
			buildActionMask = 2147483647;
			files = (
				40F667F72A2FB03C0037CCCD /* Home.framework in Frameworks */,
				E7EFF8981BA4191FDE80E653 /* Pods_JobsityChallenge.framework in Frameworks */,
			);
			runOnlyForDeploymentPostprocessing = 0;
		};
/* End PBXFrameworksBuildPhase section */

/* Begin PBXGroup section */
		0A5B9FF1C1D55C795CD415D2 /* Pods */ = {
			isa = PBXGroup;
			children = (
				6FF6D122BB6E1925DEBBC10D /* Pods-JobsityChallenge.debug.xcconfig */,
				2C21730746D1E208DEE290F9 /* Pods-JobsityChallenge.release.xcconfig */,
			);
			path = Pods;
			sourceTree = "<group>";
		};
		40F667962A2FA1340037CCCD = {
			isa = PBXGroup;
			children = (
				40F667A12A2FA1340037CCCD /* JobsityChallenge */,
				40F667A02A2FA1340037CCCD /* Products */,
				0A5B9FF1C1D55C795CD415D2 /* Pods */,
				8E9AE58AF9E62EFFD4B72029 /* Frameworks */,
			);
			sourceTree = "<group>";
		};
		40F667A02A2FA1340037CCCD /* Products */ = {
			isa = PBXGroup;
			children = (
				40F6679F2A2FA1340037CCCD /* JobsityChallenge.app */,
			);
			name = Products;
			sourceTree = "<group>";
		};
		40F667A12A2FA1340037CCCD /* JobsityChallenge */ = {
			isa = PBXGroup;
			children = (
				40F667A22A2FA1340037CCCD /* AppDelegate.swift */,
				40F667A42A2FA1340037CCCD /* SceneDelegate.swift */,
				40F667AB2A2FA1350037CCCD /* Assets.xcassets */,
				40F667AD2A2FA1350037CCCD /* LaunchScreen.storyboard */,
				40F667B02A2FA1350037CCCD /* Info.plist */,
			);
			path = JobsityChallenge;
			sourceTree = "<group>";
		};
		8E9AE58AF9E62EFFD4B72029 /* Frameworks */ = {
			isa = PBXGroup;
			children = (
				40F667F62A2FB03C0037CCCD /* Home.framework */,
				0D7F8F126ED5AC7008DE1C87 /* Pods_JobsityChallenge.framework */,
			);
			name = Frameworks;
			sourceTree = "<group>";
		};
/* End PBXGroup section */

/* Begin PBXNativeTarget section */
		40F6679E2A2FA1340037CCCD /* JobsityChallenge */ = {
			isa = PBXNativeTarget;
			buildConfigurationList = 40F667C92A2FA1360037CCCD /* Build configuration list for PBXNativeTarget "JobsityChallenge" */;
			buildPhases = (
				279BB2A610EC954BDD9C471F /* [CP] Check Pods Manifest.lock */,
				40F6679B2A2FA1340037CCCD /* Sources */,
				40F6679C2A2FA1340037CCCD /* Frameworks */,
				40F6679D2A2FA1340037CCCD /* Resources */,
			);
			buildRules = (
			);
			dependencies = (
			);
			name = JobsityChallenge;
			productName = JobsityChallenge;
			productReference = 40F6679F2A2FA1340037CCCD /* JobsityChallenge.app */;
			productType = "com.apple.product-type.application";
		};
/* End PBXNativeTarget section */

/* Begin PBXProject section */
		40F667972A2FA1340037CCCD /* Project object */ = {
			isa = PBXProject;
			attributes = {
				BuildIndependentTargetsInParallel = 1;
				LastSwiftUpdateCheck = 1400;
				LastUpgradeCheck = 1400;
				TargetAttributes = {
					40F6679E2A2FA1340037CCCD = {
						CreatedOnToolsVersion = 14.0;
					};
				};
			};
			buildConfigurationList = 40F6679A2A2FA1340037CCCD /* Build configuration list for PBXProject "JobsityChallenge" */;
			compatibilityVersion = "Xcode 13.0";
			developmentRegion = en;
			hasScannedForEncodings = 0;
			knownRegions = (
				en,
				Base,
			);
			mainGroup = 40F667962A2FA1340037CCCD;
			productRefGroup = 40F667A02A2FA1340037CCCD /* Products */;
			projectDirPath = "";
			projectRoot = "";
			targets = (
				40F6679E2A2FA1340037CCCD /* JobsityChallenge */,
			);
		};
/* End PBXProject section */

/* Begin PBXResourcesBuildPhase section */
		40F6679D2A2FA1340037CCCD /* Resources */ = {
			isa = PBXResourcesBuildPhase;
			buildActionMask = 2147483647;
			files = (
				40F667AF2A2FA1350037CCCD /* LaunchScreen.storyboard in Resources */,
				40F667AC2A2FA1350037CCCD /* Assets.xcassets in Resources */,
			);
			runOnlyForDeploymentPostprocessing = 0;
		};
/* End PBXResourcesBuildPhase section */

/* Begin PBXShellScriptBuildPhase section */
		279BB2A610EC954BDD9C471F /* [CP] Check Pods Manifest.lock */ = {
			isa = PBXShellScriptBuildPhase;
			buildActionMask = 2147483647;
			files = (
			);
			inputFileListPaths = (
			);
			inputPaths = (
				"${PODS_PODFILE_DIR_PATH}/Podfile.lock",
				"${PODS_ROOT}/Manifest.lock",
			);
			name = "[CP] Check Pods Manifest.lock";
			outputFileListPaths = (
			);
			outputPaths = (
				"$(DERIVED_FILE_DIR)/Pods-JobsityChallenge-checkManifestLockResult.txt",
			);
			runOnlyForDeploymentPostprocessing = 0;
			shellPath = /bin/sh;
			shellScript = "diff \"${PODS_PODFILE_DIR_PATH}/Podfile.lock\" \"${PODS_ROOT}/Manifest.lock\" > /dev/null\nif [ $? != 0 ] ; then\n    # print error to STDERR\n    echo \"error: The sandbox is not in sync with the Podfile.lock. Run 'pod install' or update your CocoaPods installation.\" >&2\n    exit 1\nfi\n# This output is used by Xcode 'outputs' to avoid re-running this script phase.\necho \"SUCCESS\" > \"${SCRIPT_OUTPUT_FILE_0}\"\n";
			showEnvVarsInLog = 0;
		};
/* End PBXShellScriptBuildPhase section */

/* Begin PBXSourcesBuildPhase section */
		40F6679B2A2FA1340037CCCD /* Sources */ = {
			isa = PBXSourcesBuildPhase;
			buildActionMask = 2147483647;
			files = (
				40F667A32A2FA1340037CCCD /* AppDelegate.swift in Sources */,
				40F667A52A2FA1340037CCCD /* SceneDelegate.swift in Sources */,
			);
			runOnlyForDeploymentPostprocessing = 0;
		};
/* End PBXSourcesBuildPhase section */

/* Begin PBXVariantGroup section */
		40F667AD2A2FA1350037CCCD /* LaunchScreen.storyboard */ = {
			isa = PBXVariantGroup;
			children = (
				40F667AE2A2FA1350037CCCD /* Base */,
			);
			name = LaunchScreen.storyboard;
			sourceTree = "<group>";
		};
/* End PBXVariantGroup section */

/* Begin XCBuildConfiguration section */
		40F667C72A2FA1360037CCCD /* Debug */ = {
			isa = XCBuildConfiguration;
			buildSettings = {
				ALWAYS_SEARCH_USER_PATHS = NO;
				CLANG_ANALYZER_NONNULL = YES;
				CLANG_ANALYZER_NUMBER_OBJECT_CONVERSION = YES_AGGRESSIVE;
				CLANG_CXX_LANGUAGE_STANDARD = "gnu++20";
				CLANG_ENABLE_MODULES = YES;
				CLANG_ENABLE_OBJC_ARC = YES;
				CLANG_ENABLE_OBJC_WEAK = YES;
				CLANG_WARN_BLOCK_CAPTURE_AUTORELEASING = YES;
				CLANG_WARN_BOOL_CONVERSION = YES;
				CLANG_WARN_COMMA = YES;
				CLANG_WARN_CONSTANT_CONVERSION = YES;
				CLANG_WARN_DEPRECATED_OBJC_IMPLEMENTATIONS = YES;
				CLANG_WARN_DIRECT_OBJC_ISA_USAGE = YES_ERROR;
				CLANG_WARN_DOCUMENTATION_COMMENTS = YES;
				CLANG_WARN_EMPTY_BODY = YES;
				CLANG_WARN_ENUM_CONVERSION = YES;
				CLANG_WARN_INFINITE_RECURSION = YES;
				CLANG_WARN_INT_CONVERSION = YES;
				CLANG_WARN_NON_LITERAL_NULL_CONVERSION = YES;
				CLANG_WARN_OBJC_IMPLICIT_RETAIN_SELF = YES;
				CLANG_WARN_OBJC_LITERAL_CONVERSION = YES;
				CLANG_WARN_OBJC_ROOT_CLASS = YES_ERROR;
				CLANG_WARN_QUOTED_INCLUDE_IN_FRAMEWORK_HEADER = YES;
				CLANG_WARN_RANGE_LOOP_ANALYSIS = YES;
				CLANG_WARN_STRICT_PROTOTYPES = YES;
				CLANG_WARN_SUSPICIOUS_MOVE = YES;
				CLANG_WARN_UNGUARDED_AVAILABILITY = YES_AGGRESSIVE;
				CLANG_WARN_UNREACHABLE_CODE = YES;
				CLANG_WARN__DUPLICATE_METHOD_MATCH = YES;
				COPY_PHASE_STRIP = NO;
				DEBUG_INFORMATION_FORMAT = dwarf;
				ENABLE_STRICT_OBJC_MSGSEND = YES;
				ENABLE_TESTABILITY = YES;
				GCC_C_LANGUAGE_STANDARD = gnu11;
				GCC_DYNAMIC_NO_PIC = NO;
				GCC_NO_COMMON_BLOCKS = YES;
				GCC_OPTIMIZATION_LEVEL = 0;
				GCC_PREPROCESSOR_DEFINITIONS = (
					"DEBUG=1",
					"$(inherited)",
				);
				GCC_WARN_64_TO_32_BIT_CONVERSION = YES;
				GCC_WARN_ABOUT_RETURN_TYPE = YES_ERROR;
				GCC_WARN_UNDECLARED_SELECTOR = YES;
				GCC_WARN_UNINITIALIZED_AUTOS = YES_AGGRESSIVE;
				GCC_WARN_UNUSED_FUNCTION = YES;
				GCC_WARN_UNUSED_VARIABLE = YES;
				IPHONEOS_DEPLOYMENT_TARGET = 16.0;
				MTL_ENABLE_DEBUG_INFO = INCLUDE_SOURCE;
				MTL_FAST_MATH = YES;
				ONLY_ACTIVE_ARCH = YES;
				SDKROOT = iphoneos;
				SWIFT_ACTIVE_COMPILATION_CONDITIONS = DEBUG;
				SWIFT_OPTIMIZATION_LEVEL = "-Onone";
			};
			name = Debug;
		};
		40F667C82A2FA1360037CCCD /* Release */ = {
			isa = XCBuildConfiguration;
			buildSettings = {
				ALWAYS_SEARCH_USER_PATHS = NO;
				CLANG_ANALYZER_NONNULL = YES;
				CLANG_ANALYZER_NUMBER_OBJECT_CONVERSION = YES_AGGRESSIVE;
				CLANG_CXX_LANGUAGE_STANDARD = "gnu++20";
				CLANG_ENABLE_MODULES = YES;
				CLANG_ENABLE_OBJC_ARC = YES;
				CLANG_ENABLE_OBJC_WEAK = YES;
				CLANG_WARN_BLOCK_CAPTURE_AUTORELEASING = YES;
				CLANG_WARN_BOOL_CONVERSION = YES;
				CLANG_WARN_COMMA = YES;
				CLANG_WARN_CONSTANT_CONVERSION = YES;
				CLANG_WARN_DEPRECATED_OBJC_IMPLEMENTATIONS = YES;
				CLANG_WARN_DIRECT_OBJC_ISA_USAGE = YES_ERROR;
				CLANG_WARN_DOCUMENTATION_COMMENTS = YES;
				CLANG_WARN_EMPTY_BODY = YES;
				CLANG_WARN_ENUM_CONVERSION = YES;
				CLANG_WARN_INFINITE_RECURSION = YES;
				CLANG_WARN_INT_CONVERSION = YES;
				CLANG_WARN_NON_LITERAL_NULL_CONVERSION = YES;
				CLANG_WARN_OBJC_IMPLICIT_RETAIN_SELF = YES;
				CLANG_WARN_OBJC_LITERAL_CONVERSION = YES;
				CLANG_WARN_OBJC_ROOT_CLASS = YES_ERROR;
				CLANG_WARN_QUOTED_INCLUDE_IN_FRAMEWORK_HEADER = YES;
				CLANG_WARN_RANGE_LOOP_ANALYSIS = YES;
				CLANG_WARN_STRICT_PROTOTYPES = YES;
				CLANG_WARN_SUSPICIOUS_MOVE = YES;
				CLANG_WARN_UNGUARDED_AVAILABILITY = YES_AGGRESSIVE;
				CLANG_WARN_UNREACHABLE_CODE = YES;
				CLANG_WARN__DUPLICATE_METHOD_MATCH = YES;
				COPY_PHASE_STRIP = NO;
				DEBUG_INFORMATION_FORMAT = "dwarf-with-dsym";
				ENABLE_NS_ASSERTIONS = NO;
				ENABLE_STRICT_OBJC_MSGSEND = YES;
				GCC_C_LANGUAGE_STANDARD = gnu11;
				GCC_NO_COMMON_BLOCKS = YES;
				GCC_WARN_64_TO_32_BIT_CONVERSION = YES;
				GCC_WARN_ABOUT_RETURN_TYPE = YES_ERROR;
				GCC_WARN_UNDECLARED_SELECTOR = YES;
				GCC_WARN_UNINITIALIZED_AUTOS = YES_AGGRESSIVE;
				GCC_WARN_UNUSED_FUNCTION = YES;
				GCC_WARN_UNUSED_VARIABLE = YES;
				IPHONEOS_DEPLOYMENT_TARGET = 16.0;
				MTL_ENABLE_DEBUG_INFO = NO;
				MTL_FAST_MATH = YES;
				SDKROOT = iphoneos;
				SWIFT_COMPILATION_MODE = wholemodule;
				SWIFT_OPTIMIZATION_LEVEL = "-O";
				VALIDATE_PRODUCT = YES;
			};
			name = Release;
		};
		40F667CA2A2FA1360037CCCD /* Debug */ = {
			isa = XCBuildConfiguration;
			baseConfigurationReference = 6FF6D122BB6E1925DEBBC10D /* Pods-JobsityChallenge.debug.xcconfig */;
			buildSettings = {
				ASSETCATALOG_COMPILER_APPICON_NAME = AppIcon;
				ASSETCATALOG_COMPILER_GLOBAL_ACCENT_COLOR_NAME = AccentColor;
				CODE_SIGN_STYLE = Automatic;
				CURRENT_PROJECT_VERSION = 1;
				GENERATE_INFOPLIST_FILE = YES;
				INFOPLIST_FILE = JobsityChallenge/Info.plist;
				INFOPLIST_KEY_UIApplicationSupportsIndirectInputEvents = YES;
				INFOPLIST_KEY_UILaunchStoryboardName = LaunchScreen.storyboard;
				INFOPLIST_KEY_UIMainStoryboardFile = LaunchScreen;
				INFOPLIST_KEY_UISupportedInterfaceOrientations = UIInterfaceOrientationPortrait;
				INFOPLIST_KEY_UISupportedInterfaceOrientations_iPad = "UIInterfaceOrientationLandscapeLeft UIInterfaceOrientationLandscapeRight UIInterfaceOrientationPortrait UIInterfaceOrientationPortraitUpsideDown";
				LD_RUNPATH_SEARCH_PATHS = (
					"$(inherited)",
					"@executable_path/Frameworks",
				);
				MARKETING_VERSION = 1.0;
				PRODUCT_BUNDLE_IDENTIFIER = "com.ios-dev.JobsityChallenge";
				PRODUCT_NAME = "$(TARGET_NAME)";
				SUPPORTED_PLATFORMS = "iphoneos iphonesimulator";
				SUPPORTS_MACCATALYST = NO;
				SUPPORTS_MAC_DESIGNED_FOR_IPHONE_IPAD = NO;
				SWIFT_EMIT_LOC_STRINGS = YES;
				SWIFT_VERSION = 5.0;
				TARGETED_DEVICE_FAMILY = 1;
			};
			name = Debug;
		};
		40F667CB2A2FA1360037CCCD /* Release */ = {
			isa = XCBuildConfiguration;
			baseConfigurationReference = 2C21730746D1E208DEE290F9 /* Pods-JobsityChallenge.release.xcconfig */;
			buildSettings = {
				ASSETCATALOG_COMPILER_APPICON_NAME = AppIcon;
				ASSETCATALOG_COMPILER_GLOBAL_ACCENT_COLOR_NAME = AccentColor;
				CODE_SIGN_STYLE = Automatic;
				CURRENT_PROJECT_VERSION = 1;
				GENERATE_INFOPLIST_FILE = YES;
				INFOPLIST_FILE = JobsityChallenge/Info.plist;
				INFOPLIST_KEY_UIApplicationSupportsIndirectInputEvents = YES;
				INFOPLIST_KEY_UILaunchStoryboardName = LaunchScreen.storyboard;
				INFOPLIST_KEY_UIMainStoryboardFile = LaunchScreen;
				INFOPLIST_KEY_UISupportedInterfaceOrientations = UIInterfaceOrientationPortrait;
				INFOPLIST_KEY_UISupportedInterfaceOrientations_iPad = "UIInterfaceOrientationLandscapeLeft UIInterfaceOrientationLandscapeRight UIInterfaceOrientationPortrait UIInterfaceOrientationPortraitUpsideDown";
				LD_RUNPATH_SEARCH_PATHS = (
					"$(inherited)",
					"@executable_path/Frameworks",
				);
				MARKETING_VERSION = 1.0;
				PRODUCT_BUNDLE_IDENTIFIER = "com.ios-dev.JobsityChallenge";
				PRODUCT_NAME = "$(TARGET_NAME)";
				SUPPORTED_PLATFORMS = "iphoneos iphonesimulator";
				SUPPORTS_MACCATALYST = NO;
				SUPPORTS_MAC_DESIGNED_FOR_IPHONE_IPAD = NO;
				SWIFT_EMIT_LOC_STRINGS = YES;
				SWIFT_VERSION = 5.0;
				TARGETED_DEVICE_FAMILY = 1;
			};
			name = Release;
		};
/* End XCBuildConfiguration section */

/* Begin XCConfigurationList section */
		40F6679A2A2FA1340037CCCD /* Build configuration list for PBXProject "JobsityChallenge" */ = {
			isa = XCConfigurationList;
			buildConfigurations = (
				40F667C72A2FA1360037CCCD /* Debug */,
				40F667C82A2FA1360037CCCD /* Release */,
			);
			defaultConfigurationIsVisible = 0;
			defaultConfigurationName = Release;
		};
		40F667C92A2FA1360037CCCD /* Build configuration list for PBXNativeTarget "JobsityChallenge" */ = {
			isa = XCConfigurationList;
			buildConfigurations = (
				40F667CA2A2FA1360037CCCD /* Debug */,
				40F667CB2A2FA1360037CCCD /* Release */,
			);
			defaultConfigurationIsVisible = 0;
			defaultConfigurationName = Release;
		};
/* End XCConfigurationList section */
	};
	rootObject = 40F667972A2FA1340037CCCD /* Project object */;
}
